
Microsoft Visual Studio Solution File, Format Version 12.00
# Visual Studio 15
VisualStudioVersion = 15.0.28307.271
MinimumVisualStudioVersion = 10.0.40219.1
Project("{FAE04EC0-301F-11D3-BF4B-00C04F79EFBC}") = "Apresentacao", "Apresentacao.csproj", "{559D7730-1B38-4381-A41C-66ECF99D6AA6}"
EndProject
Project("{FAE04EC0-301F-11D3-BF4B-00C04F79EFBC}") = "Dominio", "Operations\Dominio.csproj", "{DC7B0094-6F76-4387-B62E-D6BB847AB5D6}"
EndProject
Global
	GlobalSection(SolutionConfigurationPlatforms) = preSolution
		Debug|Any CPU = Debug|Any CPU
		Release|Any CPU = Release|Any CPU
	EndGlobalSection
	GlobalSection(ProjectConfigurationPlatforms) = postSolution
		{559D7730-1B38-4381-A41C-66ECF99D6AA6}.Debug|Any CPU.ActiveCfg = Debug|Any CPU
		{559D7730-1B38-4381-A41C-66ECF99D6AA6}.Debug|Any CPU.Build.0 = Debug|Any CPU
		{559D7730-1B38-4381-A41C-66ECF99D6AA6}.Release|Any CPU.ActiveCfg = Release|Any CPU
		{559D7730-1B38-4381-A41C-66ECF99D6AA6}.Release|Any CPU.Build.0 = Release|Any CPU
		{DC7B0094-6F76-4387-B62E-D6BB847AB5D6}.Debug|Any CPU.ActiveCfg = Debug|Any CPU
		{DC7B0094-6F76-4387-B62E-D6BB847AB5D6}.Debug|Any CPU.Build.0 = Debug|Any CPU
		{DC7B0094-6F76-4387-B62E-D6BB847AB5D6}.Release|Any CPU.ActiveCfg = Release|Any CPU
		{DC7B0094-6F76-4387-B62E-D6BB847AB5D6}.Release|Any CPU.Build.0 = Release|Any CPU
	EndGlobalSection
	GlobalSection(SolutionProperties) = preSolution
		HideSolutionNode = FALSE
	EndGlobalSection
	GlobalSection(ExtensibilityGlobals) = postSolution
		SolutionGuid = {C6B974F4-C1E6-4DB6-BC8C-3600D0382DEF}
	EndGlobalSection
EndGlobal
